
Microsoft Visual Studio Solution File, Format Version 12.00
# Visual Studio Version 17
VisualStudioVersion = 17.3.32819.101
MinimumVisualStudioVersion = 10.0.40219.1
Project("{FAE04EC0-301F-11D3-BF4B-00C04F79EFBC}") = "HotelBackend", "HotelBackend\HotelBackend.csproj", "{379DF8B5-EF4B-4DB6-8C28-F460EA5C7930}"
EndProject
Global
	GlobalSection(SolutionConfigurationPlatforms) = preSolution
		Debug|Any CPU = Debug|Any CPU
		Release|Any CPU = Release|Any CPU
	EndGlobalSection
	GlobalSection(ProjectConfigurationPlatforms) = postSolution
		{379DF8B5-EF4B-4DB6-8C28-F460EA5C7930}.Debug|Any CPU.ActiveCfg = Debug|Any CPU
		{379DF8B5-EF4B-4DB6-8C28-F460EA5C7930}.Debug|Any CPU.Build.0 = Debug|Any CPU
		{379DF8B5-EF4B-4DB6-8C28-F460EA5C7930}.Release|Any CPU.ActiveCfg = Release|Any CPU
		{379DF8B5-EF4B-4DB6-8C28-F460EA5C7930}.Release|Any CPU.Build.0 = Release|Any CPU
	EndGlobalSection
	GlobalSection(SolutionProperties) = preSolution
		HideSolutionNode = FALSE
	EndGlobalSection
	GlobalSection(ExtensibilityGlobals) = postSolution
		SolutionGuid = {67FA7D43-08F7-4BA2-8C10-D9CBF8D7595D}
	EndGlobalSection
EndGlobal
